// !$*UTF8*$!
{
	archiveVersion = 1;
	classes = {
	};
	objectVersion = 46;
	objects = {

/* Begin PBXBuildFile section */
		95BFC4E01BFEAB5700021E84 /* main.m in Sources */ = {isa = PBXBuildFile; fileRef = 95BFC4DF1BFEAB5700021E84 /* main.m */; };
		95BFC4E31BFEAB5700021E84 /* AppDelegate.m in Sources */ = {isa = PBXBuildFile; fileRef = 95BFC4E21BFEAB5700021E84 /* AppDelegate.m */; };
		95BFC4E91BFEAB5700021E84 /* Main.storyboard in Resources */ = {isa = PBXBuildFile; fileRef = 95BFC4E71BFEAB5700021E84 /* Main.storyboard */; };
		95BFC4EB1BFEAB5700021E84 /* Assets.xcassets in Resources */ = {isa = PBXBuildFile; fileRef = 95BFC4EA1BFEAB5700021E84 /* Assets.xcassets */; };
		95BFC4EE1BFEAB5700021E84 /* LaunchScreen.storyboard in Resources */ = {isa = PBXBuildFile; fileRef = 95BFC4EC1BFEAB5700021E84 /* LaunchScreen.storyboard */; };
		95BFC4F91BFEAB5700021E84 /* __________Tests.m in Sources */ = {isa = PBXBuildFile; fileRef = 95BFC4F81BFEAB5700021E84 /* __________Tests.m */; };
		95BFC5041BFEAB5700021E84 /* __________UITests.m in Sources */ = {isa = PBXBuildFile; fileRef = 95BFC5031BFEAB5700021E84 /* __________UITests.m */; };
		95BFC5161BFEC13C00021E84 /* Chaxun.m in Sources */ = {isa = PBXBuildFile; fileRef = 95BFC5151BFEC13C00021E84 /* Chaxun.m */; };
		95BFC5191BFEC17700021E84 /* Xiadan.m in Sources */ = {isa = PBXBuildFile; fileRef = 95BFC5181BFEC17700021E84 /* Xiadan.m */; };
		95BFC51C1BFEC1AB00021E84 /* Xuanze.m in Sources */ = {isa = PBXBuildFile; fileRef = 95BFC51B1BFEC1AB00021E84 /* Xuanze.m */; };
		95CE78661C07E9520099FD14 /* ZuoViewController.m in Sources */ = {isa = PBXBuildFile; fileRef = 95CE78651C07E9520099FD14 /* ZuoViewController.m */; };
		95CE78691C07EA9D0099FD14 /* YouViewController.m in Sources */ = {isa = PBXBuildFile; fileRef = 95CE78681C07EA9D0099FD14 /* YouViewController.m */; };
		95CE786C1C07F6790099FD14 /* NavigationController.m in Sources */ = {isa = PBXBuildFile; fileRef = 95CE786B1C07F6790099FD14 /* NavigationController.m */; };
		95CE786F1C07FA710099FD14 /* XiugaiViewController.m in Sources */ = {isa = PBXBuildFile; fileRef = 95CE786E1C07FA710099FD14 /* XiugaiViewController.m */; };
		95CE78721C07FC610099FD14 /* GerenViewController.m in Sources */ = {isa = PBXBuildFile; fileRef = 95CE78711C07FC610099FD14 /* GerenViewController.m */; };
		95CE78751C07FCA40099FD14 /* ShezhiViewController.m in Sources */ = {isa = PBXBuildFile; fileRef = 95CE78741C07FCA40099FD14 /* ShezhiViewController.m */; };
		95CE78781C080CE40099FD14 /* ShangpinxinxiViewController.m in Sources */ = {isa = PBXBuildFile; fileRef = 95CE78771C080CE40099FD14 /* ShangpinxinxiViewController.m */; };
		95FA71141C0551CB00538CA0 /* Denglu.m in Sources */ = {isa = PBXBuildFile; fileRef = 95FA71131C0551CB00538CA0 /* Denglu.m */; };
		D228D82D1C081D5200678B5A /* MD5_sdk.m in Sources */ = {isa = PBXBuildFile; fileRef = D228D82C1C081D5200678B5A /* MD5_sdk.m */; };
		D228D8351C081EF900678B5A /* RECommonFunctions.m in Sources */ = {isa = PBXBuildFile; fileRef = D228D8301C081EF900678B5A /* RECommonFunctions.m */; };
		D228D8361C081EF900678B5A /* RESideMenu.m in Sources */ = {isa = PBXBuildFile; fileRef = D228D8321C081EF900678B5A /* RESideMenu.m */; };
		D228D8371C081EF900678B5A /* UIViewController+RESideMenu.m in Sources */ = {isa = PBXBuildFile; fileRef = D228D8341C081EF900678B5A /* UIViewController+RESideMenu.m */; };
		D2901B4D1C0539D400FEDE20 /* AVFoundation.framework in Frameworks */ = {isa = PBXBuildFile; fileRef = D2901B4C1C0539D400FEDE20 /* AVFoundation.framework */; };
		D2901B4F1C0539ED00FEDE20 /* CoreMedia.framework in Frameworks */ = {isa = PBXBuildFile; fileRef = D2901B4E1C0539ED00FEDE20 /* CoreMedia.framework */; };
		D2901B511C0539FD00FEDE20 /* CoreVideo.framework in Frameworks */ = {isa = PBXBuildFile; fileRef = D2901B501C0539FD00FEDE20 /* CoreVideo.framework */; };
		D2901B531C053A3500FEDE20 /* libiconv.2.4.0.tbd in Frameworks */ = {isa = PBXBuildFile; fileRef = D2901B521C053A3500FEDE20 /* libiconv.2.4.0.tbd */; settings = {ATTRIBUTES = (Required, ); }; };
		D2901B711C054F5F00FEDE20 /* WarningBox.m in Sources */ = {isa = PBXBuildFile; fileRef = D2901B701C054F5F00FEDE20 /* WarningBox.m */; };
		D2901BAA1C05500B00FEDE20 /* NSObject+SBJson.m in Sources */ = {isa = PBXBuildFile; fileRef = D2901B741C05500B00FEDE20 /* NSObject+SBJson.m */; };
		D2901BAB1C05500B00FEDE20 /* SBJsonParser.m in Sources */ = {isa = PBXBuildFile; fileRef = D2901B771C05500B00FEDE20 /* SBJsonParser.m */; };
		D2901BAC1C05500B00FEDE20 /* SBJsonStreamParser.m in Sources */ = {isa = PBXBuildFile; fileRef = D2901B791C05500B00FEDE20 /* SBJsonStreamParser.m */; };
		D2901BAD1C05500B00FEDE20 /* SBJsonStreamParserAccumulator.m in Sources */ = {isa = PBXBuildFile; fileRef = D2901B7B1C05500B00FEDE20 /* SBJsonStreamParserAccumulator.m */; };
		D2901BAE1C05500B00FEDE20 /* SBJsonStreamParserAdapter.m in Sources */ = {isa = PBXBuildFile; fileRef = D2901B7D1C05500B00FEDE20 /* SBJsonStreamParserAdapter.m */; };
		D2901BAF1C05500B00FEDE20 /* SBJsonStreamParserState.m in Sources */ = {isa = PBXBuildFile; fileRef = D2901B7F1C05500B00FEDE20 /* SBJsonStreamParserState.m */; };
		D2901BB01C05500B00FEDE20 /* SBJsonStreamWriter.m in Sources */ = {isa = PBXBuildFile; fileRef = D2901B811C05500B00FEDE20 /* SBJsonStreamWriter.m */; };
		D2901BB11C05500B00FEDE20 /* SBJsonStreamWriterAccumulator.m in Sources */ = {isa = PBXBuildFile; fileRef = D2901B831C05500B00FEDE20 /* SBJsonStreamWriterAccumulator.m */; };
		D2901BB21C05500B00FEDE20 /* SBJsonStreamWriterState.m in Sources */ = {isa = PBXBuildFile; fileRef = D2901B851C05500B00FEDE20 /* SBJsonStreamWriterState.m */; };
		D2901BB31C05500B00FEDE20 /* SBJsonTokeniser.m in Sources */ = {isa = PBXBuildFile; fileRef = D2901B871C05500B00FEDE20 /* SBJsonTokeniser.m */; };
		D2901BB41C05500B00FEDE20 /* SBJsonUTF8Stream.m in Sources */ = {isa = PBXBuildFile; fileRef = D2901B891C05500B00FEDE20 /* SBJsonUTF8Stream.m */; };
		D2901BB51C05500B00FEDE20 /* SBJsonWriter.m in Sources */ = {isa = PBXBuildFile; fileRef = D2901B8B1C05500B00FEDE20 /* SBJsonWriter.m */; };
		D2901BB61C05500B00FEDE20 /* MBProgressHUD.m in Sources */ = {isa = PBXBuildFile; fileRef = D2901B8E1C05500B00FEDE20 /* MBProgressHUD.m */; };
		D2901BB71C05500B00FEDE20 /* AFHTTPRequestOperation.m in Sources */ = {isa = PBXBuildFile; fileRef = D2901B911C05500B00FEDE20 /* AFHTTPRequestOperation.m */; };
		D2901BB81C05500B00FEDE20 /* AFHTTPRequestOperationManager.m in Sources */ = {isa = PBXBuildFile; fileRef = D2901B931C05500B00FEDE20 /* AFHTTPRequestOperationManager.m */; };
		D2901BB91C05500B00FEDE20 /* AFHTTPSessionManager.m in Sources */ = {isa = PBXBuildFile; fileRef = D2901B951C05500B00FEDE20 /* AFHTTPSessionManager.m */; };
		D2901BBA1C05500B00FEDE20 /* AFNetworkReachabilityManager.m in Sources */ = {isa = PBXBuildFile; fileRef = D2901B981C05500B00FEDE20 /* AFNetworkReachabilityManager.m */; };
		D2901BBB1C05500B00FEDE20 /* AFSecurityPolicy.m in Sources */ = {isa = PBXBuildFile; fileRef = D2901B9A1C05500B00FEDE20 /* AFSecurityPolicy.m */; };
		D2901BBC1C05500B00FEDE20 /* AFURLConnectionOperation.m in Sources */ = {isa = PBXBuildFile; fileRef = D2901B9C1C05500B00FEDE20 /* AFURLConnectionOperation.m */; };
		D2901BBD1C05500B00FEDE20 /* AFURLRequestSerialization.m in Sources */ = {isa = PBXBuildFile; fileRef = D2901B9E1C05500B00FEDE20 /* AFURLRequestSerialization.m */; };
		D2901BBE1C05500B00FEDE20 /* AFURLResponseSerialization.m in Sources */ = {isa = PBXBuildFile; fileRef = D2901BA01C05500B00FEDE20 /* AFURLResponseSerialization.m */; };
		D2901BBF1C05500B00FEDE20 /* AFURLSessionManager.m in Sources */ = {isa = PBXBuildFile; fileRef = D2901BA21C05500B00FEDE20 /* AFURLSessionManager.m */; };
		D2901BC01C05500B00FEDE20 /* AFDownloadRequestOperation.m in Sources */ = {isa = PBXBuildFile; fileRef = D2901BA51C05500B00FEDE20 /* AFDownloadRequestOperation.m */; };
		D2901BC11C05500B00FEDE20 /* DownloadTask.m in Sources */ = {isa = PBXBuildFile; fileRef = D2901BA71C05500B00FEDE20 /* DownloadTask.m */; };
		D2901BC21C05500B00FEDE20 /* Networking.m in Sources */ = {isa = PBXBuildFile; fileRef = D2901BA91C05500B00FEDE20 /* Networking.m */; };
/* End PBXBuildFile section */

/* Begin PBXContainerItemProxy section */
		95BFC4F51BFEAB5700021E84 /* PBXContainerItemProxy */ = {
			isa = PBXContainerItemProxy;
			containerPortal = 95BFC4D31BFEAB5700021E84 /* Project object */;
			proxyType = 1;
			remoteGlobalIDString = 95BFC4DA1BFEAB5700021E84;
			remoteInfo = "安邦盟信线上订单系统";
		};
		95BFC5001BFEAB5700021E84 /* PBXContainerItemProxy */ = {
			isa = PBXContainerItemProxy;
			containerPortal = 95BFC4D31BFEAB5700021E84 /* Project object */;
			proxyType = 1;
			remoteGlobalIDString = 95BFC4DA1BFEAB5700021E84;
			remoteInfo = "安邦盟信线上订单系统";
		};
/* End PBXContainerItemProxy section */

/* Begin PBXFileReference section */
		95BFC4DB1BFEAB5700021E84 /* 安邦盟信线上订单系统.app */ = {isa = PBXFileReference; explicitFileType = wrapper.application; includeInIndex = 0; path = "安邦盟信线上订单系统.app"; sourceTree = BUILT_PRODUCTS_DIR; };
		95BFC4DF1BFEAB5700021E84 /* main.m */ = {isa = PBXFileReference; lastKnownFileType = sourcecode.c.objc; path = main.m; sourceTree = "<group>"; };
		95BFC4E11BFEAB5700021E84 /* AppDelegate.h */ = {isa = PBXFileReference; lastKnownFileType = sourcecode.c.h; path = AppDelegate.h; sourceTree = "<group>"; };
		95BFC4E21BFEAB5700021E84 /* AppDelegate.m */ = {isa = PBXFileReference; lastKnownFileType = sourcecode.c.objc; path = AppDelegate.m; sourceTree = "<group>"; };
		95BFC4E81BFEAB5700021E84 /* Base */ = {isa = PBXFileReference; lastKnownFileType = file.storyboard; name = Base; path = Base.lproj/Main.storyboard; sourceTree = "<group>"; };
		95BFC4EA1BFEAB5700021E84 /* Assets.xcassets */ = {isa = PBXFileReference; lastKnownFileType = folder.assetcatalog; path = Assets.xcassets; sourceTree = "<group>"; };
		95BFC4ED1BFEAB5700021E84 /* Base */ = {isa = PBXFileReference; lastKnownFileType = file.storyboard; name = Base; path = Base.lproj/LaunchScreen.storyboard; sourceTree = "<group>"; };
		95BFC4EF1BFEAB5700021E84 /* Info.plist */ = {isa = PBXFileReference; lastKnownFileType = text.plist.xml; path = Info.plist; sourceTree = "<group>"; };
		95BFC4F41BFEAB5700021E84 /* 安邦盟信线上订单系统Tests.xctest */ = {isa = PBXFileReference; explicitFileType = wrapper.cfbundle; includeInIndex = 0; path = "安邦盟信线上订单系统Tests.xctest"; sourceTree = BUILT_PRODUCTS_DIR; };
		95BFC4F81BFEAB5700021E84 /* __________Tests.m */ = {isa = PBXFileReference; lastKnownFileType = sourcecode.c.objc; path = "__________Tests.m"; sourceTree = "<group>"; };
		95BFC4FA1BFEAB5700021E84 /* Info.plist */ = {isa = PBXFileReference; lastKnownFileType = text.plist.xml; path = Info.plist; sourceTree = "<group>"; };
		95BFC4FF1BFEAB5700021E84 /* 安邦盟信线上订单系统UITests.xctest */ = {isa = PBXFileReference; explicitFileType = wrapper.cfbundle; includeInIndex = 0; path = "安邦盟信线上订单系统UITests.xctest"; sourceTree = BUILT_PRODUCTS_DIR; };
		95BFC5031BFEAB5700021E84 /* __________UITests.m */ = {isa = PBXFileReference; lastKnownFileType = sourcecode.c.objc; path = "__________UITests.m"; sourceTree = "<group>"; };
		95BFC5051BFEAB5700021E84 /* Info.plist */ = {isa = PBXFileReference; lastKnownFileType = text.plist.xml; path = Info.plist; sourceTree = "<group>"; };
		95BFC5111BFEC11100021E84 /* Denglu.h */ = {isa = PBXFileReference; fileEncoding = 4; lastKnownFileType = sourcecode.c.h; path = Denglu.h; sourceTree = "<group>"; };
		95BFC5141BFEC13C00021E84 /* Chaxun.h */ = {isa = PBXFileReference; fileEncoding = 4; lastKnownFileType = sourcecode.c.h; path = Chaxun.h; sourceTree = "<group>"; };
		95BFC5151BFEC13C00021E84 /* Chaxun.m */ = {isa = PBXFileReference; fileEncoding = 4; lastKnownFileType = sourcecode.c.objc; path = Chaxun.m; sourceTree = "<group>"; };
		95BFC5171BFEC17700021E84 /* Xiadan.h */ = {isa = PBXFileReference; fileEncoding = 4; lastKnownFileType = sourcecode.c.h; path = Xiadan.h; sourceTree = "<group>"; };
		95BFC5181BFEC17700021E84 /* Xiadan.m */ = {isa = PBXFileReference; fileEncoding = 4; lastKnownFileType = sourcecode.c.objc; path = Xiadan.m; sourceTree = "<group>"; };
		95BFC51A1BFEC1AB00021E84 /* Xuanze.h */ = {isa = PBXFileReference; fileEncoding = 4; lastKnownFileType = sourcecode.c.h; path = Xuanze.h; sourceTree = "<group>"; };
		95BFC51B1BFEC1AB00021E84 /* Xuanze.m */ = {isa = PBXFileReference; fileEncoding = 4; lastKnownFileType = sourcecode.c.objc; path = Xuanze.m; sourceTree = "<group>"; };
		95CE78641C07E9520099FD14 /* ZuoViewController.h */ = {isa = PBXFileReference; fileEncoding = 4; lastKnownFileType = sourcecode.c.h; name = ZuoViewController.h; path = ../ZuoViewController.h; sourceTree = "<group>"; };
		95CE78651C07E9520099FD14 /* ZuoViewController.m */ = {isa = PBXFileReference; fileEncoding = 4; lastKnownFileType = sourcecode.c.objc; name = ZuoViewController.m; path = ../ZuoViewController.m; sourceTree = "<group>"; };
		95CE78671C07EA9D0099FD14 /* YouViewController.h */ = {isa = PBXFileReference; fileEncoding = 4; lastKnownFileType = sourcecode.c.h; path = YouViewController.h; sourceTree = "<group>"; };
		95CE78681C07EA9D0099FD14 /* YouViewController.m */ = {isa = PBXFileReference; fileEncoding = 4; lastKnownFileType = sourcecode.c.objc; path = YouViewController.m; sourceTree = "<group>"; };
		95CE786A1C07F6790099FD14 /* NavigationController.h */ = {isa = PBXFileReference; fileEncoding = 4; lastKnownFileType = sourcecode.c.h; path = NavigationController.h; sourceTree = "<group>"; };
		95CE786B1C07F6790099FD14 /* NavigationController.m */ = {isa = PBXFileReference; fileEncoding = 4; lastKnownFileType = sourcecode.c.objc; path = NavigationController.m; sourceTree = "<group>"; };
		95CE786D1C07FA710099FD14 /* XiugaiViewController.h */ = {isa = PBXFileReference; fileEncoding = 4; lastKnownFileType = sourcecode.c.h; path = XiugaiViewController.h; sourceTree = "<group>"; };
		95CE786E1C07FA710099FD14 /* XiugaiViewController.m */ = {isa = PBXFileReference; fileEncoding = 4; lastKnownFileType = sourcecode.c.objc; path = XiugaiViewController.m; sourceTree = "<group>"; };
		95CE78701C07FC610099FD14 /* GerenViewController.h */ = {isa = PBXFileReference; fileEncoding = 4; lastKnownFileType = sourcecode.c.h; path = GerenViewController.h; sourceTree = "<group>"; };
		95CE78711C07FC610099FD14 /* GerenViewController.m */ = {isa = PBXFileReference; fileEncoding = 4; lastKnownFileType = sourcecode.c.objc; path = GerenViewController.m; sourceTree = "<group>"; };
		95CE78731C07FCA40099FD14 /* ShezhiViewController.h */ = {isa = PBXFileReference; fileEncoding = 4; lastKnownFileType = sourcecode.c.h; path = ShezhiViewController.h; sourceTree = "<group>"; };
		95CE78741C07FCA40099FD14 /* ShezhiViewController.m */ = {isa = PBXFileReference; fileEncoding = 4; lastKnownFileType = sourcecode.c.objc; path = ShezhiViewController.m; sourceTree = "<group>"; };
		95CE78761C080CE40099FD14 /* ShangpinxinxiViewController.h */ = {isa = PBXFileReference; fileEncoding = 4; lastKnownFileType = sourcecode.c.h; path = ShangpinxinxiViewController.h; sourceTree = "<group>"; };
		95CE78771C080CE40099FD14 /* ShangpinxinxiViewController.m */ = {isa = PBXFileReference; fileEncoding = 4; lastKnownFileType = sourcecode.c.objc; path = ShangpinxinxiViewController.m; sourceTree = "<group>"; };
		95FA71131C0551CB00538CA0 /* Denglu.m */ = {isa = PBXFileReference; fileEncoding = 4; lastKnownFileType = sourcecode.c.objc; path = Denglu.m; sourceTree = "<group>"; };
		D228D82B1C081D5200678B5A /* MD5_sdk.h */ = {isa = PBXFileReference; fileEncoding = 4; lastKnownFileType = sourcecode.c.h; path = MD5_sdk.h; sourceTree = "<group>"; };
		D228D82C1C081D5200678B5A /* MD5_sdk.m */ = {isa = PBXFileReference; fileEncoding = 4; lastKnownFileType = sourcecode.c.objc; path = MD5_sdk.m; sourceTree = "<group>"; };
		D228D82F1C081EF900678B5A /* RECommonFunctions.h */ = {isa = PBXFileReference; fileEncoding = 4; lastKnownFileType = sourcecode.c.h; path = RECommonFunctions.h; sourceTree = "<group>"; };
		D228D8301C081EF900678B5A /* RECommonFunctions.m */ = {isa = PBXFileReference; fileEncoding = 4; lastKnownFileType = sourcecode.c.objc; path = RECommonFunctions.m; sourceTree = "<group>"; };
		D228D8311C081EF900678B5A /* RESideMenu.h */ = {isa = PBXFileReference; fileEncoding = 4; lastKnownFileType = sourcecode.c.h; path = RESideMenu.h; sourceTree = "<group>"; };
		D228D8321C081EF900678B5A /* RESideMenu.m */ = {isa = PBXFileReference; fileEncoding = 4; lastKnownFileType = sourcecode.c.objc; path = RESideMenu.m; sourceTree = "<group>"; };
		D228D8331C081EF900678B5A /* UIViewController+RESideMenu.h */ = {isa = PBXFileReference; fileEncoding = 4; lastKnownFileType = sourcecode.c.h; path = "UIViewController+RESideMenu.h"; sourceTree = "<group>"; };
		D228D8341C081EF900678B5A /* UIViewController+RESideMenu.m */ = {isa = PBXFileReference; fileEncoding = 4; lastKnownFileType = sourcecode.c.objc; path = "UIViewController+RESideMenu.m"; sourceTree = "<group>"; };
		D2901B4C1C0539D400FEDE20 /* AVFoundation.framework */ = {isa = PBXFileReference; lastKnownFileType = wrapper.framework; name = AVFoundation.framework; path = System/Library/Frameworks/AVFoundation.framework; sourceTree = SDKROOT; };
		D2901B4E1C0539ED00FEDE20 /* CoreMedia.framework */ = {isa = PBXFileReference; lastKnownFileType = wrapper.framework; name = CoreMedia.framework; path = System/Library/Frameworks/CoreMedia.framework; sourceTree = SDKROOT; };
		D2901B501C0539FD00FEDE20 /* CoreVideo.framework */ = {isa = PBXFileReference; lastKnownFileType = wrapper.framework; name = CoreVideo.framework; path = System/Library/Frameworks/CoreVideo.framework; sourceTree = SDKROOT; };
		D2901B521C053A3500FEDE20 /* libiconv.2.4.0.tbd */ = {isa = PBXFileReference; lastKnownFileType = "sourcecode.text-based-dylib-definition"; name = libiconv.2.4.0.tbd; path = usr/lib/libiconv.2.4.0.tbd; sourceTree = SDKROOT; };
		D2901B651C054B8700FEDE20 /* ZBarCameraSimulator.h */ = {isa = PBXFileReference; fileEncoding = 4; lastKnownFileType = sourcecode.c.h; path = ZBarCameraSimulator.h; sourceTree = "<group>"; };
		D2901B661C054B8700FEDE20 /* ZBarCaptureReader.h */ = {isa = PBXFileReference; fileEncoding = 4; lastKnownFileType = sourcecode.c.h; path = ZBarCaptureReader.h; sourceTree = "<group>"; };
		D2901B671C054B8700FEDE20 /* ZBarHelpController.h */ = {isa = PBXFileReference; fileEncoding = 4; lastKnownFileType = sourcecode.c.h; path = ZBarHelpController.h; sourceTree = "<group>"; };
		D2901B681C054B8700FEDE20 /* ZBarImage.h */ = {isa = PBXFileReference; fileEncoding = 4; lastKnownFileType = sourcecode.c.h; path = ZBarImage.h; sourceTree = "<group>"; };
		D2901B691C054B8700FEDE20 /* ZBarImageScanner.h */ = {isa = PBXFileReference; fileEncoding = 4; lastKnownFileType = sourcecode.c.h; path = ZBarImageScanner.h; sourceTree = "<group>"; };
		D2901B6A1C054B8700FEDE20 /* ZBarReaderController.h */ = {isa = PBXFileReference; fileEncoding = 4; lastKnownFileType = sourcecode.c.h; path = ZBarReaderController.h; sourceTree = "<group>"; };
		D2901B6B1C054B8700FEDE20 /* ZBarReaderView.h */ = {isa = PBXFileReference; fileEncoding = 4; lastKnownFileType = sourcecode.c.h; path = ZBarReaderView.h; sourceTree = "<group>"; };
		D2901B6C1C054B8700FEDE20 /* ZBarReaderViewController.h */ = {isa = PBXFileReference; fileEncoding = 4; lastKnownFileType = sourcecode.c.h; path = ZBarReaderViewController.h; sourceTree = "<group>"; };
		D2901B6D1C054B8700FEDE20 /* ZBarSDK.h */ = {isa = PBXFileReference; fileEncoding = 4; lastKnownFileType = sourcecode.c.h; path = ZBarSDK.h; sourceTree = "<group>"; };
		D2901B6E1C054B8700FEDE20 /* ZBarSymbol.h */ = {isa = PBXFileReference; fileEncoding = 4; lastKnownFileType = sourcecode.c.h; path = ZBarSymbol.h; sourceTree = "<group>"; };
		D2901B6F1C054F5F00FEDE20 /* WarningBox.h */ = {isa = PBXFileReference; fileEncoding = 4; lastKnownFileType = sourcecode.c.h; name = WarningBox.h; path = "ZBarSDK副本/WarningBox.h"; sourceTree = "<group>"; };
		D2901B701C054F5F00FEDE20 /* WarningBox.m */ = {isa = PBXFileReference; fileEncoding = 4; lastKnownFileType = sourcecode.c.objc; name = WarningBox.m; path = "ZBarSDK副本/WarningBox.m"; sourceTree = "<group>"; };
		D2901B731C05500B00FEDE20 /* NSObject+SBJson.h */ = {isa = PBXFileReference; fileEncoding = 4; lastKnownFileType = sourcecode.c.h; path = "NSObject+SBJson.h"; sourceTree = "<group>"; };
		D2901B741C05500B00FEDE20 /* NSObject+SBJson.m */ = {isa = PBXFileReference; fileEncoding = 4; lastKnownFileType = sourcecode.c.objc; path = "NSObject+SBJson.m"; sourceTree = "<group>"; };
		D2901B751C05500B00FEDE20 /* SBJson.h */ = {isa = PBXFileReference; fileEncoding = 4; lastKnownFileType = sourcecode.c.h; path = SBJson.h; sourceTree = "<group>"; };
		D2901B761C05500B00FEDE20 /* SBJsonParser.h */ = {isa = PBXFileReference; fileEncoding = 4; lastKnownFileType = sourcecode.c.h; path = SBJsonParser.h; sourceTree = "<group>"; };
		D2901B771C05500B00FEDE20 /* SBJsonParser.m */ = {isa = PBXFileReference; fileEncoding = 4; lastKnownFileType = sourcecode.c.objc; path = SBJsonParser.m; sourceTree = "<group>"; };
		D2901B781C05500B00FEDE20 /* SBJsonStreamParser.h */ = {isa = PBXFileReference; fileEncoding = 4; lastKnownFileType = sourcecode.c.h; path = SBJsonStreamParser.h; sourceTree = "<group>"; };
		D2901B791C05500B00FEDE20 /* SBJsonStreamParser.m */ = {isa = PBXFileReference; fileEncoding = 4; lastKnownFileType = sourcecode.c.objc; path = SBJsonStreamParser.m; sourceTree = "<group>"; };
		D2901B7A1C05500B00FEDE20 /* SBJsonStreamParserAccumulator.h */ = {isa = PBXFileReference; fileEncoding = 4; lastKnownFileType = sourcecode.c.h; path = SBJsonStreamParserAccumulator.h; sourceTree = "<group>"; };
		D2901B7B1C05500B00FEDE20 /* SBJsonStreamParserAccumulator.m */ = {isa = PBXFileReference; fileEncoding = 4; lastKnownFileType = sourcecode.c.objc; path = SBJsonStreamParserAccumulator.m; sourceTree = "<group>"; };
		D2901B7C1C05500B00FEDE20 /* SBJsonStreamParserAdapter.h */ = {isa = PBXFileReference; fileEncoding = 4; lastKnownFileType = sourcecode.c.h; path = SBJsonStreamParserAdapter.h; sourceTree = "<group>"; };
		D2901B7D1C05500B00FEDE20 /* SBJsonStreamParserAdapter.m */ = {isa = PBXFileReference; fileEncoding = 4; lastKnownFileType = sourcecode.c.objc; path = SBJsonStreamParserAdapter.m; sourceTree = "<group>"; };
		D2901B7E1C05500B00FEDE20 /* SBJsonStreamParserState.h */ = {isa = PBXFileReference; fileEncoding = 4; lastKnownFileType = sourcecode.c.h; path = SBJsonStreamParserState.h; sourceTree = "<group>"; };
		D2901B7F1C05500B00FEDE20 /* SBJsonStreamParserState.m */ = {isa = PBXFileReference; fileEncoding = 4; lastKnownFileType = sourcecode.c.objc; path = SBJsonStreamParserState.m; sourceTree = "<group>"; };
		D2901B801C05500B00FEDE20 /* SBJsonStreamWriter.h */ = {isa = PBXFileReference; fileEncoding = 4; lastKnownFileType = sourcecode.c.h; path = SBJsonStreamWriter.h; sourceTree = "<group>"; };
		D2901B811C05500B00FEDE20 /* SBJsonStreamWriter.m */ = {isa = PBXFileReference; fileEncoding = 4; lastKnownFileType = sourcecode.c.objc; path = SBJsonStreamWriter.m; sourceTree = "<group>"; };
		D2901B821C05500B00FEDE20 /* SBJsonStreamWriterAccumulator.h */ = {isa = PBXFileReference; fileEncoding = 4; lastKnownFileType = sourcecode.c.h; path = SBJsonStreamWriterAccumulator.h; sourceTree = "<group>"; };
		D2901B831C05500B00FEDE20 /* SBJsonStreamWriterAccumulator.m */ = {isa = PBXFileReference; fileEncoding = 4; lastKnownFileType = sourcecode.c.objc; path = SBJsonStreamWriterAccumulator.m; sourceTree = "<group>"; };
		D2901B841C05500B00FEDE20 /* SBJsonStreamWriterState.h */ = {isa = PBXFileReference; fileEncoding = 4; lastKnownFileType = sourcecode.c.h; path = SBJsonStreamWriterState.h; sourceTree = "<group>"; };
		D2901B851C05500B00FEDE20 /* SBJsonStreamWriterState.m */ = {isa = PBXFileReference; fileEncoding = 4; lastKnownFileType = sourcecode.c.objc; path = SBJsonStreamWriterState.m; sourceTree = "<group>"; };
		D2901B861C05500B00FEDE20 /* SBJsonTokeniser.h */ = {isa = PBXFileReference; fileEncoding = 4; lastKnownFileType = sourcecode.c.h; path = SBJsonTokeniser.h; sourceTree = "<group>"; };
		D2901B871C05500B00FEDE20 /* SBJsonTokeniser.m */ = {isa = PBXFileReference; fileEncoding = 4; lastKnownFileType = sourcecode.c.objc; path = SBJsonTokeniser.m; sourceTree = "<group>"; };
		D2901B881C05500B00FEDE20 /* SBJsonUTF8Stream.h */ = {isa = PBXFileReference; fileEncoding = 4; lastKnownFileType = sourcecode.c.h; path = SBJsonUTF8Stream.h; sourceTree = "<group>"; };
		D2901B891C05500B00FEDE20 /* SBJsonUTF8Stream.m */ = {isa = PBXFileReference; fileEncoding = 4; lastKnownFileType = sourcecode.c.objc; path = SBJsonUTF8Stream.m; sourceTree = "<group>"; };
		D2901B8A1C05500B00FEDE20 /* SBJsonWriter.h */ = {isa = PBXFileReference; fileEncoding = 4; lastKnownFileType = sourcecode.c.h; path = SBJsonWriter.h; sourceTree = "<group>"; };
		D2901B8B1C05500B00FEDE20 /* SBJsonWriter.m */ = {isa = PBXFileReference; fileEncoding = 4; lastKnownFileType = sourcecode.c.objc; path = SBJsonWriter.m; sourceTree = "<group>"; };
		D2901B8D1C05500B00FEDE20 /* MBProgressHUD.h */ = {isa = PBXFileReference; fileEncoding = 4; lastKnownFileType = sourcecode.c.h; path = MBProgressHUD.h; sourceTree = "<group>"; };
		D2901B8E1C05500B00FEDE20 /* MBProgressHUD.m */ = {isa = PBXFileReference; fileEncoding = 4; lastKnownFileType = sourcecode.c.objc; path = MBProgressHUD.m; sourceTree = "<group>"; };
		D2901B901C05500B00FEDE20 /* AFHTTPRequestOperation.h */ = {isa = PBXFileReference; fileEncoding = 4; lastKnownFileType = sourcecode.c.h; path = AFHTTPRequestOperation.h; sourceTree = "<group>"; };
		D2901B911C05500B00FEDE20 /* AFHTTPRequestOperation.m */ = {isa = PBXFileReference; fileEncoding = 4; lastKnownFileType = sourcecode.c.objc; path = AFHTTPRequestOperation.m; sourceTree = "<group>"; };
		D2901B921C05500B00FEDE20 /* AFHTTPRequestOperationManager.h */ = {isa = PBXFileReference; fileEncoding = 4; lastKnownFileType = sourcecode.c.h; path = AFHTTPRequestOperationManager.h; sourceTree = "<group>"; };
		D2901B931C05500B00FEDE20 /* AFHTTPRequestOperationManager.m */ = {isa = PBXFileReference; fileEncoding = 4; lastKnownFileType = sourcecode.c.objc; path = AFHTTPRequestOperationManager.m; sourceTree = "<group>"; };
		D2901B941C05500B00FEDE20 /* AFHTTPSessionManager.h */ = {isa = PBXFileReference; fileEncoding = 4; lastKnownFileType = sourcecode.c.h; path = AFHTTPSessionManager.h; sourceTree = "<group>"; };
		D2901B951C05500B00FEDE20 /* AFHTTPSessionManager.m */ = {isa = PBXFileReference; fileEncoding = 4; lastKnownFileType = sourcecode.c.objc; path = AFHTTPSessionManager.m; sourceTree = "<group>"; };
		D2901B961C05500B00FEDE20 /* AFNetworking.h */ = {isa = PBXFileReference; fileEncoding = 4; lastKnownFileType = sourcecode.c.h; path = AFNetworking.h; sourceTree = "<group>"; };
		D2901B971C05500B00FEDE20 /* AFNetworkReachabilityManager.h */ = {isa = PBXFileReference; fileEncoding = 4; lastKnownFileType = sourcecode.c.h; path = AFNetworkReachabilityManager.h; sourceTree = "<group>"; };
		D2901B981C05500B00FEDE20 /* AFNetworkReachabilityManager.m */ = {isa = PBXFileReference; fileEncoding = 4; lastKnownFileType = sourcecode.c.objc; path = AFNetworkReachabilityManager.m; sourceTree = "<group>"; };
		D2901B991C05500B00FEDE20 /* AFSecurityPolicy.h */ = {isa = PBXFileReference; fileEncoding = 4; lastKnownFileType = sourcecode.c.h; path = AFSecurityPolicy.h; sourceTree = "<group>"; };
		D2901B9A1C05500B00FEDE20 /* AFSecurityPolicy.m */ = {isa = PBXFileReference; fileEncoding = 4; lastKnownFileType = sourcecode.c.objc; path = AFSecurityPolicy.m; sourceTree = "<group>"; };
		D2901B9B1C05500B00FEDE20 /* AFURLConnectionOperation.h */ = {isa = PBXFileReference; fileEncoding = 4; lastKnownFileType = sourcecode.c.h; path = AFURLConnectionOperation.h; sourceTree = "<group>"; };
		D2901B9C1C05500B00FEDE20 /* AFURLConnectionOperation.m */ = {isa = PBXFileReference; fileEncoding = 4; lastKnownFileType = sourcecode.c.objc; path = AFURLConnectionOperation.m; sourceTree = "<group>"; };
		D2901B9D1C05500B00FEDE20 /* AFURLRequestSerialization.h */ = {isa = PBXFileReference; fileEncoding = 4; lastKnownFileType = sourcecode.c.h; path = AFURLRequestSerialization.h; sourceTree = "<group>"; };
		D2901B9E1C05500B00FEDE20 /* AFURLRequestSerialization.m */ = {isa = PBXFileReference; fileEncoding = 4; lastKnownFileType = sourcecode.c.objc; path = AFURLRequestSerialization.m; sourceTree = "<group>"; };
		D2901B9F1C05500B00FEDE20 /* AFURLResponseSerialization.h */ = {isa = PBXFileReference; fileEncoding = 4; lastKnownFileType = sourcecode.c.h; path = AFURLResponseSerialization.h; sourceTree = "<group>"; };
		D2901BA01C05500B00FEDE20 /* AFURLResponseSerialization.m */ = {isa = PBXFileReference; fileEncoding = 4; lastKnownFileType = sourcecode.c.objc; path = AFURLResponseSerialization.m; sourceTree = "<group>"; };
		D2901BA11C05500B00FEDE20 /* AFURLSessionManager.h */ = {isa = PBXFileReference; fileEncoding = 4; lastKnownFileType = sourcecode.c.h; path = AFURLSessionManager.h; sourceTree = "<group>"; };
		D2901BA21C05500B00FEDE20 /* AFURLSessionManager.m */ = {isa = PBXFileReference; fileEncoding = 4; lastKnownFileType = sourcecode.c.objc; path = AFURLSessionManager.m; sourceTree = "<group>"; };
		D2901BA41C05500B00FEDE20 /* AFDownloadRequestOperation.h */ = {isa = PBXFileReference; fileEncoding = 4; lastKnownFileType = sourcecode.c.h; path = AFDownloadRequestOperation.h; sourceTree = "<group>"; };
		D2901BA51C05500B00FEDE20 /* AFDownloadRequestOperation.m */ = {isa = PBXFileReference; fileEncoding = 4; lastKnownFileType = sourcecode.c.objc; path = AFDownloadRequestOperation.m; sourceTree = "<group>"; };
		D2901BA61C05500B00FEDE20 /* DownloadTask.h */ = {isa = PBXFileReference; fileEncoding = 4; lastKnownFileType = sourcecode.c.h; path = DownloadTask.h; sourceTree = "<group>"; };
		D2901BA71C05500B00FEDE20 /* DownloadTask.m */ = {isa = PBXFileReference; fileEncoding = 4; lastKnownFileType = sourcecode.c.objc; path = DownloadTask.m; sourceTree = "<group>"; };
		D2901BA81C05500B00FEDE20 /* Networking.h */ = {isa = PBXFileReference; fileEncoding = 4; lastKnownFileType = sourcecode.c.h; path = Networking.h; sourceTree = "<group>"; };
		D2901BA91C05500B00FEDE20 /* Networking.m */ = {isa = PBXFileReference; fileEncoding = 4; lastKnownFileType = sourcecode.c.objc; path = Networking.m; sourceTree = "<group>"; };
/* End PBXFileReference section */

/* Begin PBXFrameworksBuildPhase section */
		95BFC4D81BFEAB5700021E84 /* Frameworks */ = {
			isa = PBXFrameworksBuildPhase;
			buildActionMask = 2147483647;
			files = (
				D2901B531C053A3500FEDE20 /* libiconv.2.4.0.tbd in Frameworks */,
				D2901B511C0539FD00FEDE20 /* CoreVideo.framework in Frameworks */,
				D2901B4F1C0539ED00FEDE20 /* CoreMedia.framework in Frameworks */,
				D2901B4D1C0539D400FEDE20 /* AVFoundation.framework in Frameworks */,
			);
			runOnlyForDeploymentPostprocessing = 0;
		};
		95BFC4F11BFEAB5700021E84 /* Frameworks */ = {
			isa = PBXFrameworksBuildPhase;
			buildActionMask = 2147483647;
			files = (
			);
			runOnlyForDeploymentPostprocessing = 0;
		};
		95BFC4FC1BFEAB5700021E84 /* Frameworks */ = {
			isa = PBXFrameworksBuildPhase;
			buildActionMask = 2147483647;
			files = (
			);
			runOnlyForDeploymentPostprocessing = 0;
		};
/* End PBXFrameworksBuildPhase section */

/* Begin PBXGroup section */
		95BFC4D21BFEAB5700021E84 = {
			isa = PBXGroup;
			children = (
				D2901B591C053DBB00FEDE20 /* SDK */,
				D2901B541C053A3A00FEDE20 /* 条形码 */,
				95BFC4DD1BFEAB5700021E84 /* 安邦盟信线上订单系统 */,
				95BFC4F71BFEAB5700021E84 /* 安邦盟信线上订单系统Tests */,
				95BFC5021BFEAB5700021E84 /* 安邦盟信线上订单系统UITests */,
				95BFC4DC1BFEAB5700021E84 /* Products */,
			);
			sourceTree = "<group>";
		};
		95BFC4DC1BFEAB5700021E84 /* Products */ = {
			isa = PBXGroup;
			children = (
				95BFC4DB1BFEAB5700021E84 /* 安邦盟信线上订单系统.app */,
				95BFC4F41BFEAB5700021E84 /* 安邦盟信线上订单系统Tests.xctest */,
				95BFC4FF1BFEAB5700021E84 /* 安邦盟信线上订单系统UITests.xctest */,
			);
			name = Products;
			sourceTree = "<group>";
		};
		95BFC4DD1BFEAB5700021E84 /* 安邦盟信线上订单系统 */ = {
			isa = PBXGroup;
			children = (
				D2C179FE1C03078100D06B02 /* view */,
				95BFC4E71BFEAB5700021E84 /* Main.storyboard */,
				95BFC4EA1BFEAB5700021E84 /* Assets.xcassets */,
				95BFC4EC1BFEAB5700021E84 /* LaunchScreen.storyboard */,
				95BFC4EF1BFEAB5700021E84 /* Info.plist */,
				95BFC4DE1BFEAB5700021E84 /* Supporting Files */,
			);
			path = "安邦盟信线上订单系统";
			sourceTree = "<group>";
		};
		95BFC4DE1BFEAB5700021E84 /* Supporting Files */ = {
			isa = PBXGroup;
			children = (
				95BFC4DF1BFEAB5700021E84 /* main.m */,
			);
			name = "Supporting Files";
			sourceTree = "<group>";
		};
		95BFC4F71BFEAB5700021E84 /* 安邦盟信线上订单系统Tests */ = {
			isa = PBXGroup;
			children = (
				95BFC4F81BFEAB5700021E84 /* __________Tests.m */,
				95BFC4FA1BFEAB5700021E84 /* Info.plist */,
			);
			path = "安邦盟信线上订单系统Tests";
			sourceTree = "<group>";
		};
		95BFC5021BFEAB5700021E84 /* 安邦盟信线上订单系统UITests */ = {
			isa = PBXGroup;
			children = (
				95BFC5031BFEAB5700021E84 /* __________UITests.m */,
				95BFC5051BFEAB5700021E84 /* Info.plist */,
			);
			path = "安邦盟信线上订单系统UITests";
			sourceTree = "<group>";
		};
		D228D82E1C081EF900678B5A /* RESideMenu */ = {
			isa = PBXGroup;
			children = (
				D228D82F1C081EF900678B5A /* RECommonFunctions.h */,
				D228D8301C081EF900678B5A /* RECommonFunctions.m */,
				D228D8311C081EF900678B5A /* RESideMenu.h */,
				D228D8321C081EF900678B5A /* RESideMenu.m */,
				D228D8331C081EF900678B5A /* UIViewController+RESideMenu.h */,
				D228D8341C081EF900678B5A /* UIViewController+RESideMenu.m */,
			);
			path = RESideMenu;
			sourceTree = "<group>";
		};
		D2901B541C053A3A00FEDE20 /* 条形码 */ = {
			isa = PBXGroup;
			children = (
				D2901B521C053A3500FEDE20 /* libiconv.2.4.0.tbd */,
				D2901B501C0539FD00FEDE20 /* CoreVideo.framework */,
				D2901B4E1C0539ED00FEDE20 /* CoreMedia.framework */,
				D2901B4C1C0539D400FEDE20 /* AVFoundation.framework */,
			);
			name = "条形码";
			sourceTree = "<group>";
		};
		D2901B591C053DBB00FEDE20 /* SDK */ = {
			isa = PBXGroup;
			children = (
				D228D82E1C081EF900678B5A /* RESideMenu */,
				D2901B721C05500B00FEDE20 /* SBJSON */,
				D2901B8C1C05500B00FEDE20 /* MBProressHUD */,
				D2901B8F1C05500B00FEDE20 /* AFNetworking */,
				D2901B6F1C054F5F00FEDE20 /* WarningBox.h */,
				D2901B701C054F5F00FEDE20 /* WarningBox.m */,
				D228D82B1C081D5200678B5A /* MD5_sdk.h */,
				D228D82C1C081D5200678B5A /* MD5_sdk.m */,
				D2901B641C054B8700FEDE20 /* ZBarSDK副本 */,
			);
			name = SDK;
			sourceTree = "<group>";
		};
		D2901B641C054B8700FEDE20 /* ZBarSDK副本 */ = {
			isa = PBXGroup;
			children = (
				D2901B651C054B8700FEDE20 /* ZBarCameraSimulator.h */,
				D2901B661C054B8700FEDE20 /* ZBarCaptureReader.h */,
				D2901B671C054B8700FEDE20 /* ZBarHelpController.h */,
				D2901B681C054B8700FEDE20 /* ZBarImage.h */,
				D2901B691C054B8700FEDE20 /* ZBarImageScanner.h */,
				D2901B6A1C054B8700FEDE20 /* ZBarReaderController.h */,
				D2901B6B1C054B8700FEDE20 /* ZBarReaderView.h */,
				D2901B6C1C054B8700FEDE20 /* ZBarReaderViewController.h */,
				D2901B6D1C054B8700FEDE20 /* ZBarSDK.h */,
				D2901B6E1C054B8700FEDE20 /* ZBarSymbol.h */,
			);
			path = "ZBarSDK副本";
			sourceTree = "<group>";
		};
		D2901B721C05500B00FEDE20 /* SBJSON */ = {
			isa = PBXGroup;
			children = (
				D2901B731C05500B00FEDE20 /* NSObject+SBJson.h */,
				D2901B741C05500B00FEDE20 /* NSObject+SBJson.m */,
				D2901B751C05500B00FEDE20 /* SBJson.h */,
				D2901B761C05500B00FEDE20 /* SBJsonParser.h */,
				D2901B771C05500B00FEDE20 /* SBJsonParser.m */,
				D2901B781C05500B00FEDE20 /* SBJsonStreamParser.h */,
				D2901B791C05500B00FEDE20 /* SBJsonStreamParser.m */,
				D2901B7A1C05500B00FEDE20 /* SBJsonStreamParserAccumulator.h */,
				D2901B7B1C05500B00FEDE20 /* SBJsonStreamParserAccumulator.m */,
				D2901B7C1C05500B00FEDE20 /* SBJsonStreamParserAdapter.h */,
				D2901B7D1C05500B00FEDE20 /* SBJsonStreamParserAdapter.m */,
				D2901B7E1C05500B00FEDE20 /* SBJsonStreamParserState.h */,
				D2901B7F1C05500B00FEDE20 /* SBJsonStreamParserState.m */,
				D2901B801C05500B00FEDE20 /* SBJsonStreamWriter.h */,
				D2901B811C05500B00FEDE20 /* SBJsonStreamWriter.m */,
				D2901B821C05500B00FEDE20 /* SBJsonStreamWriterAccumulator.h */,
				D2901B831C05500B00FEDE20 /* SBJsonStreamWriterAccumulator.m */,
				D2901B841C05500B00FEDE20 /* SBJsonStreamWriterState.h */,
				D2901B851C05500B00FEDE20 /* SBJsonStreamWriterState.m */,
				D2901B861C05500B00FEDE20 /* SBJsonTokeniser.h */,
				D2901B871C05500B00FEDE20 /* SBJsonTokeniser.m */,
				D2901B881C05500B00FEDE20 /* SBJsonUTF8Stream.h */,
				D2901B891C05500B00FEDE20 /* SBJsonUTF8Stream.m */,
				D2901B8A1C05500B00FEDE20 /* SBJsonWriter.h */,
				D2901B8B1C05500B00FEDE20 /* SBJsonWriter.m */,
			);
			path = SBJSON;
			sourceTree = "<group>";
		};
		D2901B8C1C05500B00FEDE20 /* MBProressHUD */ = {
			isa = PBXGroup;
			children = (
				D2901B8D1C05500B00FEDE20 /* MBProgressHUD.h */,
				D2901B8E1C05500B00FEDE20 /* MBProgressHUD.m */,
			);
			path = MBProressHUD;
			sourceTree = "<group>";
		};
		D2901B8F1C05500B00FEDE20 /* AFNetworking */ = {
			isa = PBXGroup;
			children = (
				D2901B901C05500B00FEDE20 /* AFHTTPRequestOperation.h */,
				D2901B911C05500B00FEDE20 /* AFHTTPRequestOperation.m */,
				D2901B921C05500B00FEDE20 /* AFHTTPRequestOperationManager.h */,
				D2901B931C05500B00FEDE20 /* AFHTTPRequestOperationManager.m */,
				D2901B941C05500B00FEDE20 /* AFHTTPSessionManager.h */,
				D2901B951C05500B00FEDE20 /* AFHTTPSessionManager.m */,
				D2901B961C05500B00FEDE20 /* AFNetworking.h */,
				D2901B971C05500B00FEDE20 /* AFNetworkReachabilityManager.h */,
				D2901B981C05500B00FEDE20 /* AFNetworkReachabilityManager.m */,
				D2901B991C05500B00FEDE20 /* AFSecurityPolicy.h */,
				D2901B9A1C05500B00FEDE20 /* AFSecurityPolicy.m */,
				D2901B9B1C05500B00FEDE20 /* AFURLConnectionOperation.h */,
				D2901B9C1C05500B00FEDE20 /* AFURLConnectionOperation.m */,
				D2901B9D1C05500B00FEDE20 /* AFURLRequestSerialization.h */,
				D2901B9E1C05500B00FEDE20 /* AFURLRequestSerialization.m */,
				D2901B9F1C05500B00FEDE20 /* AFURLResponseSerialization.h */,
				D2901BA01C05500B00FEDE20 /* AFURLResponseSerialization.m */,
				D2901BA11C05500B00FEDE20 /* AFURLSessionManager.h */,
				D2901BA21C05500B00FEDE20 /* AFURLSessionManager.m */,
				D2901BA31C05500B00FEDE20 /* Networking */,
			);
			path = AFNetworking;
			sourceTree = "<group>";
		};
		D2901BA31C05500B00FEDE20 /* Networking */ = {
			isa = PBXGroup;
			children = (
				D2901BA41C05500B00FEDE20 /* AFDownloadRequestOperation.h */,
				D2901BA51C05500B00FEDE20 /* AFDownloadRequestOperation.m */,
				D2901BA61C05500B00FEDE20 /* DownloadTask.h */,
				D2901BA71C05500B00FEDE20 /* DownloadTask.m */,
				D2901BA81C05500B00FEDE20 /* Networking.h */,
				D2901BA91C05500B00FEDE20 /* Networking.m */,
			);
			path = Networking;
			sourceTree = "<group>";
		};
		D2C179FE1C03078100D06B02 /* view */ = {
			isa = PBXGroup;
			children = (
				95CE786A1C07F6790099FD14 /* NavigationController.h */,
				95CE786B1C07F6790099FD14 /* NavigationController.m */,
				95BFC4E11BFEAB5700021E84 /* AppDelegate.h */,
				95BFC4E21BFEAB5700021E84 /* AppDelegate.m */,
				95BFC5111BFEC11100021E84 /* Denglu.h */,
				95FA71131C0551CB00538CA0 /* Denglu.m */,
				95BFC5141BFEC13C00021E84 /* Chaxun.h */,
				95BFC5151BFEC13C00021E84 /* Chaxun.m */,
				95BFC5171BFEC17700021E84 /* Xiadan.h */,
				95BFC5181BFEC17700021E84 /* Xiadan.m */,
				95BFC51A1BFEC1AB00021E84 /* Xuanze.h */,
				95BFC51B1BFEC1AB00021E84 /* Xuanze.m */,
				95CE78641C07E9520099FD14 /* ZuoViewController.h */,
				95CE78651C07E9520099FD14 /* ZuoViewController.m */,
				95CE78671C07EA9D0099FD14 /* YouViewController.h */,
				95CE78681C07EA9D0099FD14 /* YouViewController.m */,
				95CE78761C080CE40099FD14 /* ShangpinxinxiViewController.h */,
				95CE78771C080CE40099FD14 /* ShangpinxinxiViewController.m */,
				95CE786D1C07FA710099FD14 /* XiugaiViewController.h */,
				95CE786E1C07FA710099FD14 /* XiugaiViewController.m */,
				95CE78701C07FC610099FD14 /* GerenViewController.h */,
				95CE78711C07FC610099FD14 /* GerenViewController.m */,
				95CE78731C07FCA40099FD14 /* ShezhiViewController.h */,
				95CE78741C07FCA40099FD14 /* ShezhiViewController.m */,
			);
			name = view;
			sourceTree = "<group>";
		};
/* End PBXGroup section */

/* Begin PBXNativeTarget section */
		95BFC4DA1BFEAB5700021E84 /* 安邦盟信线上订单系统 */ = {
			isa = PBXNativeTarget;
			buildConfigurationList = 95BFC5081BFEAB5700021E84 /* Build configuration list for PBXNativeTarget "安邦盟信线上订单系统" */;
			buildPhases = (
				95BFC4D71BFEAB5700021E84 /* Sources */,
				95BFC4D81BFEAB5700021E84 /* Frameworks */,
				95BFC4D91BFEAB5700021E84 /* Resources */,
			);
			buildRules = (
			);
			dependencies = (
			);
			name = "安邦盟信线上订单系统";
			productName = "安邦盟信线上订单系统";
			productReference = 95BFC4DB1BFEAB5700021E84 /* 安邦盟信线上订单系统.app */;
			productType = "com.apple.product-type.application";
		};
		95BFC4F31BFEAB5700021E84 /* 安邦盟信线上订单系统Tests */ = {
			isa = PBXNativeTarget;
			buildConfigurationList = 95BFC50B1BFEAB5700021E84 /* Build configuration list for PBXNativeTarget "安邦盟信线上订单系统Tests" */;
			buildPhases = (
				95BFC4F01BFEAB5700021E84 /* Sources */,
				95BFC4F11BFEAB5700021E84 /* Frameworks */,
				95BFC4F21BFEAB5700021E84 /* Resources */,
			);
			buildRules = (
			);
			dependencies = (
				95BFC4F61BFEAB5700021E84 /* PBXTargetDependency */,
			);
			name = "安邦盟信线上订单系统Tests";
			productName = "安邦盟信线上订单系统Tests";
			productReference = 95BFC4F41BFEAB5700021E84 /* 安邦盟信线上订单系统Tests.xctest */;
			productType = "com.apple.product-type.bundle.unit-test";
		};
		95BFC4FE1BFEAB5700021E84 /* 安邦盟信线上订单系统UITests */ = {
			isa = PBXNativeTarget;
			buildConfigurationList = 95BFC50E1BFEAB5700021E84 /* Build configuration list for PBXNativeTarget "安邦盟信线上订单系统UITests" */;
			buildPhases = (
				95BFC4FB1BFEAB5700021E84 /* Sources */,
				95BFC4FC1BFEAB5700021E84 /* Frameworks */,
				95BFC4FD1BFEAB5700021E84 /* Resources */,
			);
			buildRules = (
			);
			dependencies = (
				95BFC5011BFEAB5700021E84 /* PBXTargetDependency */,
			);
			name = "安邦盟信线上订单系统UITests";
			productName = "安邦盟信线上订单系统UITests";
			productReference = 95BFC4FF1BFEAB5700021E84 /* 安邦盟信线上订单系统UITests.xctest */;
			productType = "com.apple.product-type.bundle.ui-testing";
		};
/* End PBXNativeTarget section */

/* Begin PBXProject section */
		95BFC4D31BFEAB5700021E84 /* Project object */ = {
			isa = PBXProject;
			attributes = {
				LastUpgradeCheck = 0700;
				ORGANIZATIONNAME = sk;
				TargetAttributes = {
					95BFC4DA1BFEAB5700021E84 = {
						CreatedOnToolsVersion = 7.0.1;
					};
					95BFC4F31BFEAB5700021E84 = {
						CreatedOnToolsVersion = 7.0.1;
						TestTargetID = 95BFC4DA1BFEAB5700021E84;
					};
					95BFC4FE1BFEAB5700021E84 = {
						CreatedOnToolsVersion = 7.0.1;
						TestTargetID = 95BFC4DA1BFEAB5700021E84;
					};
				};
			};
			buildConfigurationList = 95BFC4D61BFEAB5700021E84 /* Build configuration list for PBXProject "安邦盟信线上订单系统" */;
			compatibilityVersion = "Xcode 3.2";
			developmentRegion = English;
			hasScannedForEncodings = 0;
			knownRegions = (
				en,
				Base,
			);
			mainGroup = 95BFC4D21BFEAB5700021E84;
			productRefGroup = 95BFC4DC1BFEAB5700021E84 /* Products */;
			projectDirPath = "";
			projectRoot = "";
			targets = (
				95BFC4DA1BFEAB5700021E84 /* 安邦盟信线上订单系统 */,
				95BFC4F31BFEAB5700021E84 /* 安邦盟信线上订单系统Tests */,
				95BFC4FE1BFEAB5700021E84 /* 安邦盟信线上订单系统UITests */,
			);
		};
/* End PBXProject section */

/* Begin PBXResourcesBuildPhase section */
		95BFC4D91BFEAB5700021E84 /* Resources */ = {
			isa = PBXResourcesBuildPhase;
			buildActionMask = 2147483647;
			files = (
				95BFC4EE1BFEAB5700021E84 /* LaunchScreen.storyboard in Resources */,
				95BFC4EB1BFEAB5700021E84 /* Assets.xcassets in Resources */,
				95BFC4E91BFEAB5700021E84 /* Main.storyboard in Resources */,
			);
			runOnlyForDeploymentPostprocessing = 0;
		};
		95BFC4F21BFEAB5700021E84 /* Resources */ = {
			isa = PBXResourcesBuildPhase;
			buildActionMask = 2147483647;
			files = (
			);
			runOnlyForDeploymentPostprocessing = 0;
		};
		95BFC4FD1BFEAB5700021E84 /* Resources */ = {
			isa = PBXResourcesBuildPhase;
			buildActionMask = 2147483647;
			files = (
			);
			runOnlyForDeploymentPostprocessing = 0;
		};
/* End PBXResourcesBuildPhase section */

/* Begin PBXSourcesBuildPhase section */
		95BFC4D71BFEAB5700021E84 /* Sources */ = {
			isa = PBXSourcesBuildPhase;
			buildActionMask = 2147483647;
			files = (
				D2901BB21C05500B00FEDE20 /* SBJsonStreamWriterState.m in Sources */,
				D2901BB51C05500B00FEDE20 /* SBJsonWriter.m in Sources */,
				95BFC4E31BFEAB5700021E84 /* AppDelegate.m in Sources */,
				D2901BBC1C05500B00FEDE20 /* AFURLConnectionOperation.m in Sources */,
				D2901BB11C05500B00FEDE20 /* SBJsonStreamWriterAccumulator.m in Sources */,
				D2901BAD1C05500B00FEDE20 /* SBJsonStreamParserAccumulator.m in Sources */,
				95BFC51C1BFEC1AB00021E84 /* Xuanze.m in Sources */,
				95CE78691C07EA9D0099FD14 /* YouViewController.m in Sources */,
				D2901BAB1C05500B00FEDE20 /* SBJsonParser.m in Sources */,
				95BFC5161BFEC13C00021E84 /* Chaxun.m in Sources */,
				D2901BC21C05500B00FEDE20 /* Networking.m in Sources */,
				95CE78751C07FCA40099FD14 /* ShezhiViewController.m in Sources */,
				D2901BB71C05500B00FEDE20 /* AFHTTPRequestOperation.m in Sources */,
				95BFC5191BFEC17700021E84 /* Xiadan.m in Sources */,
				D2901BC01C05500B00FEDE20 /* AFDownloadRequestOperation.m in Sources */,
				D2901BBA1C05500B00FEDE20 /* AFNetworkReachabilityManager.m in Sources */,
				D2901B711C054F5F00FEDE20 /* WarningBox.m in Sources */,
				D2901BBF1C05500B00FEDE20 /* AFURLSessionManager.m in Sources */,
				95CE78661C07E9520099FD14 /* ZuoViewController.m in Sources */,
				95FA71141C0551CB00538CA0 /* Denglu.m in Sources */,
				95CE786C1C07F6790099FD14 /* NavigationController.m in Sources */,
				D228D8371C081EF900678B5A /* UIViewController+RESideMenu.m in Sources */,
				95CE78781C080CE40099FD14 /* ShangpinxinxiViewController.m in Sources */,
				D2901BB41C05500B00FEDE20 /* SBJsonUTF8Stream.m in Sources */,
				D2901BB81C05500B00FEDE20 /* AFHTTPRequestOperationManager.m in Sources */,
				D2901BB91C05500B00FEDE20 /* AFHTTPSessionManager.m in Sources */,
				D2901BC11C05500B00FEDE20 /* DownloadTask.m in Sources */,
				D2901BB61C05500B00FEDE20 /* MBProgressHUD.m in Sources */,
				D2901BBE1C05500B00FEDE20 /* AFURLResponseSerialization.m in Sources */,
				D2901BBD1C05500B00FEDE20 /* AFURLRequestSerialization.m in Sources */,
				D2901BB31C05500B00FEDE20 /* SBJsonTokeniser.m in Sources */,
				D2901BAF1C05500B00FEDE20 /* SBJsonStreamParserState.m in Sources */,
				95CE78721C07FC610099FD14 /* GerenViewController.m in Sources */,
				D2901BAE1C05500B00FEDE20 /* SBJsonStreamParserAdapter.m in Sources */,
				95CE786F1C07FA710099FD14 /* XiugaiViewController.m in Sources */,
				D228D8361C081EF900678B5A /* RESideMenu.m in Sources */,
				D228D82D1C081D5200678B5A /* MD5_sdk.m in Sources */,
				D2901BAA1C05500B00FEDE20 /* NSObject+SBJson.m in Sources */,
				D2901BBB1C05500B00FEDE20 /* AFSecurityPolicy.m in Sources */,
				D228D8351C081EF900678B5A /* RECommonFunctions.m in Sources */,
				95BFC4E01BFEAB5700021E84 /* main.m in Sources */,
				D2901BB01C05500B00FEDE20 /* SBJsonStreamWriter.m in Sources */,
				D2901BAC1C05500B00FEDE20 /* SBJsonStreamParser.m in Sources */,
			);
			runOnlyForDeploymentPostprocessing = 0;
		};
		95BFC4F01BFEAB5700021E84 /* Sources */ = {
			isa = PBXSourcesBuildPhase;
			buildActionMask = 2147483647;
			files = (
				95BFC4F91BFEAB5700021E84 /* __________Tests.m in Sources */,
			);
			runOnlyForDeploymentPostprocessing = 0;
		};
		95BFC4FB1BFEAB5700021E84 /* Sources */ = {
			isa = PBXSourcesBuildPhase;
			buildActionMask = 2147483647;
			files = (
				95BFC5041BFEAB5700021E84 /* __________UITests.m in Sources */,
			);
			runOnlyForDeploymentPostprocessing = 0;
		};
/* End PBXSourcesBuildPhase section */

/* Begin PBXTargetDependency section */
		95BFC4F61BFEAB5700021E84 /* PBXTargetDependency */ = {
			isa = PBXTargetDependency;
			target = 95BFC4DA1BFEAB5700021E84 /* 安邦盟信线上订单系统 */;
			targetProxy = 95BFC4F51BFEAB5700021E84 /* PBXContainerItemProxy */;
		};
		95BFC5011BFEAB5700021E84 /* PBXTargetDependency */ = {
			isa = PBXTargetDependency;
			target = 95BFC4DA1BFEAB5700021E84 /* 安邦盟信线上订单系统 */;
			targetProxy = 95BFC5001BFEAB5700021E84 /* PBXContainerItemProxy */;
		};
/* End PBXTargetDependency section */

/* Begin PBXVariantGroup section */
		95BFC4E71BFEAB5700021E84 /* Main.storyboard */ = {
			isa = PBXVariantGroup;
			children = (
				95BFC4E81BFEAB5700021E84 /* Base */,
			);
			name = Main.storyboard;
			sourceTree = "<group>";
		};
		95BFC4EC1BFEAB5700021E84 /* LaunchScreen.storyboard */ = {
			isa = PBXVariantGroup;
			children = (
				95BFC4ED1BFEAB5700021E84 /* Base */,
			);
			name = LaunchScreen.storyboard;
			sourceTree = "<group>";
		};
/* End PBXVariantGroup section */

/* Begin XCBuildConfiguration section */
		95BFC5061BFEAB5700021E84 /* Debug */ = {
			isa = XCBuildConfiguration;
			buildSettings = {
				ALWAYS_SEARCH_USER_PATHS = NO;
				CLANG_CXX_LANGUAGE_STANDARD = "gnu++0x";
				CLANG_CXX_LIBRARY = "libc++";
				CLANG_ENABLE_MODULES = YES;
				CLANG_ENABLE_OBJC_ARC = YES;
				CLANG_WARN_BOOL_CONVERSION = YES;
				CLANG_WARN_CONSTANT_CONVERSION = YES;
				CLANG_WARN_DIRECT_OBJC_ISA_USAGE = YES_ERROR;
				CLANG_WARN_EMPTY_BODY = YES;
				CLANG_WARN_ENUM_CONVERSION = YES;
				CLANG_WARN_INT_CONVERSION = YES;
				CLANG_WARN_OBJC_ROOT_CLASS = YES_ERROR;
				CLANG_WARN_UNREACHABLE_CODE = YES;
				CLANG_WARN__DUPLICATE_METHOD_MATCH = YES;
				"CODE_SIGN_IDENTITY[sdk=iphoneos*]" = "iPhone Developer";
				COPY_PHASE_STRIP = NO;
				DEBUG_INFORMATION_FORMAT = dwarf;
				ENABLE_STRICT_OBJC_MSGSEND = YES;
				ENABLE_TESTABILITY = YES;
				GCC_C_LANGUAGE_STANDARD = gnu99;
				GCC_DYNAMIC_NO_PIC = NO;
				GCC_NO_COMMON_BLOCKS = YES;
				GCC_OPTIMIZATION_LEVEL = 0;
				GCC_PREPROCESSOR_DEFINITIONS = (
					"DEBUG=1",
					"$(inherited)",
				);
				GCC_WARN_64_TO_32_BIT_CONVERSION = YES;
				GCC_WARN_ABOUT_RETURN_TYPE = YES_ERROR;
				GCC_WARN_UNDECLARED_SELECTOR = YES;
				GCC_WARN_UNINITIALIZED_AUTOS = YES_AGGRESSIVE;
				GCC_WARN_UNUSED_FUNCTION = YES;
				GCC_WARN_UNUSED_VARIABLE = YES;
				IPHONEOS_DEPLOYMENT_TARGET = 9.0;
				MTL_ENABLE_DEBUG_INFO = YES;
				ONLY_ACTIVE_ARCH = YES;
				SDKROOT = iphoneos;
				TARGETED_DEVICE_FAMILY = "1,2";
			};
			name = Debug;
		};
		95BFC5071BFEAB5700021E84 /* Release */ = {
			isa = XCBuildConfiguration;
			buildSettings = {
				ALWAYS_SEARCH_USER_PATHS = NO;
				CLANG_CXX_LANGUAGE_STANDARD = "gnu++0x";
				CLANG_CXX_LIBRARY = "libc++";
				CLANG_ENABLE_MODULES = YES;
				CLANG_ENABLE_OBJC_ARC = YES;
				CLANG_WARN_BOOL_CONVERSION = YES;
				CLANG_WARN_CONSTANT_CONVERSION = YES;
				CLANG_WARN_DIRECT_OBJC_ISA_USAGE = YES_ERROR;
				CLANG_WARN_EMPTY_BODY = YES;
				CLANG_WARN_ENUM_CONVERSION = YES;
				CLANG_WARN_INT_CONVERSION = YES;
				CLANG_WARN_OBJC_ROOT_CLASS = YES_ERROR;
				CLANG_WARN_UNREACHABLE_CODE = YES;
				CLANG_WARN__DUPLICATE_METHOD_MATCH = YES;
				"CODE_SIGN_IDENTITY[sdk=iphoneos*]" = "iPhone Developer";
				COPY_PHASE_STRIP = NO;
				DEBUG_INFORMATION_FORMAT = "dwarf-with-dsym";
				ENABLE_NS_ASSERTIONS = NO;
				ENABLE_STRICT_OBJC_MSGSEND = YES;
				GCC_C_LANGUAGE_STANDARD = gnu99;
				GCC_NO_COMMON_BLOCKS = YES;
				GCC_WARN_64_TO_32_BIT_CONVERSION = YES;
				GCC_WARN_ABOUT_RETURN_TYPE = YES_ERROR;
				GCC_WARN_UNDECLARED_SELECTOR = YES;
				GCC_WARN_UNINITIALIZED_AUTOS = YES_AGGRESSIVE;
				GCC_WARN_UNUSED_FUNCTION = YES;
				GCC_WARN_UNUSED_VARIABLE = YES;
				IPHONEOS_DEPLOYMENT_TARGET = 9.0;
				MTL_ENABLE_DEBUG_INFO = NO;
				SDKROOT = iphoneos;
				TARGETED_DEVICE_FAMILY = "1,2";
				VALIDATE_PRODUCT = YES;
			};
			name = Release;
		};
		95BFC5091BFEAB5700021E84 /* Debug */ = {
			isa = XCBuildConfiguration;
			buildSettings = {
				ASSETCATALOG_COMPILER_APPICON_NAME = AppIcon;
				INFOPLIST_FILE = "安邦盟信线上订单系统/Info.plist";
				LD_RUNPATH_SEARCH_PATHS = "$(inherited) @executable_path/Frameworks";
				PRODUCT_BUNDLE_IDENTIFIER = "sk.----------";
				PRODUCT_NAME = "$(TARGET_NAME)";
			};
			name = Debug;
		};
		95BFC50A1BFEAB5700021E84 /* Release */ = {
			isa = XCBuildConfiguration;
			buildSettings = {
				ASSETCATALOG_COMPILER_APPICON_NAME = AppIcon;
				INFOPLIST_FILE = "安邦盟信线上订单系统/Info.plist";
				LD_RUNPATH_SEARCH_PATHS = "$(inherited) @executable_path/Frameworks";
				PRODUCT_BUNDLE_IDENTIFIER = "sk.----------";
				PRODUCT_NAME = "$(TARGET_NAME)";
			};
			name = Release;
		};
		95BFC50C1BFEAB5700021E84 /* Debug */ = {
			isa = XCBuildConfiguration;
			buildSettings = {
				BUNDLE_LOADER = "$(TEST_HOST)";
				INFOPLIST_FILE = "安邦盟信线上订单系统Tests/Info.plist";
				LD_RUNPATH_SEARCH_PATHS = "$(inherited) @executable_path/Frameworks @loader_path/Frameworks";
				PRODUCT_BUNDLE_IDENTIFIER = "sk.----------Tests";
				PRODUCT_NAME = "$(TARGET_NAME)";
				TEST_HOST = "$(BUILT_PRODUCTS_DIR)/安邦盟信线上订单系统.app/安邦盟信线上订单系统";
			};
			name = Debug;
		};
		95BFC50D1BFEAB5700021E84 /* Release */ = {
			isa = XCBuildConfiguration;
			buildSettings = {
				BUNDLE_LOADER = "$(TEST_HOST)";
				INFOPLIST_FILE = "安邦盟信线上订单系统Tests/Info.plist";
				LD_RUNPATH_SEARCH_PATHS = "$(inherited) @executable_path/Frameworks @loader_path/Frameworks";
				PRODUCT_BUNDLE_IDENTIFIER = "sk.----------Tests";
				PRODUCT_NAME = "$(TARGET_NAME)";
				TEST_HOST = "$(BUILT_PRODUCTS_DIR)/安邦盟信线上订单系统.app/安邦盟信线上订单系统";
			};
			name = Release;
		};
		95BFC50F1BFEAB5700021E84 /* Debug */ = {
			isa = XCBuildConfiguration;
			buildSettings = {
				INFOPLIST_FILE = "安邦盟信线上订单系统UITests/Info.plist";
				LD_RUNPATH_SEARCH_PATHS = "$(inherited) @executable_path/Frameworks @loader_path/Frameworks";
				PRODUCT_BUNDLE_IDENTIFIER = "sk.----------UITests";
				PRODUCT_NAME = "$(TARGET_NAME)";
				TEST_TARGET_NAME = "安邦盟信线上订单系统";
				USES_XCTRUNNER = YES;
			};
			name = Debug;
		};
		95BFC5101BFEAB5700021E84 /* Release */ = {
			isa = XCBuildConfiguration;
			buildSettings = {
				INFOPLIST_FILE = "安邦盟信线上订单系统UITests/Info.plist";
				LD_RUNPATH_SEARCH_PATHS = "$(inherited) @executable_path/Frameworks @loader_path/Frameworks";
				PRODUCT_BUNDLE_IDENTIFIER = "sk.----------UITests";
				PRODUCT_NAME = "$(TARGET_NAME)";
				TEST_TARGET_NAME = "安邦盟信线上订单系统";
				USES_XCTRUNNER = YES;
			};
			name = Release;
		};
/* End XCBuildConfiguration section */

/* Begin XCConfigurationList section */
		95BFC4D61BFEAB5700021E84 /* Build configuration list for PBXProject "安邦盟信线上订单系统" */ = {
			isa = XCConfigurationList;
			buildConfigurations = (
				95BFC5061BFEAB5700021E84 /* Debug */,
				95BFC5071BFEAB5700021E84 /* Release */,
			);
			defaultConfigurationIsVisible = 0;
			defaultConfigurationName = Release;
		};
		95BFC5081BFEAB5700021E84 /* Build configuration list for PBXNativeTarget "安邦盟信线上订单系统" */ = {
			isa = XCConfigurationList;
			buildConfigurations = (
				95BFC5091BFEAB5700021E84 /* Debug */,
				95BFC50A1BFEAB5700021E84 /* Release */,
			);
			defaultConfigurationIsVisible = 0;
			defaultConfigurationName = Release;
		};
		95BFC50B1BFEAB5700021E84 /* Build configuration list for PBXNativeTarget "安邦盟信线上订单系统Tests" */ = {
			isa = XCConfigurationList;
			buildConfigurations = (
				95BFC50C1BFEAB5700021E84 /* Debug */,
				95BFC50D1BFEAB5700021E84 /* Release */,
			);
			defaultConfigurationIsVisible = 0;
			defaultConfigurationName = Release;
		};
		95BFC50E1BFEAB5700021E84 /* Build configuration list for PBXNativeTarget "安邦盟信线上订单系统UITests" */ = {
			isa = XCConfigurationList;
			buildConfigurations = (
				95BFC50F1BFEAB5700021E84 /* Debug */,
				95BFC5101BFEAB5700021E84 /* Release */,
			);
			defaultConfigurationIsVisible = 0;
			defaultConfigurationName = Release;
		};
/* End XCConfigurationList section */
	};
	rootObject = 95BFC4D31BFEAB5700021E84 /* Project object */;
}
